
Microsoft Visual Studio Solution File, Format Version 12.00
# Visual Studio Version 16
VisualStudioVersion = 16.0.29911.98
MinimumVisualStudioVersion = 10.0.40219.1
Project("{FAE04EC0-301F-11D3-BF4B-00C04F79EFBC}") = "NopCommerce.Api.AdapterLibrary", "NopCommerce.Api.AdapterLibrary\NopCommerce.Api.AdapterLibrary.csproj", "{0F2BD838-3884-4DD8-AB8F-B7B449AA7164}"
EndProject
Project("{9A19103F-16F7-4668-BE54-9A1E7A4F7556}") = "Fsl-NopCommerce-Api-Connector", "Fsl-NopCommerce-Connector\Fsl-NopCommerce-Api-Connector.csproj", "{AAC30BD0-8563-4454-B1E5-7059C91F5F21}"
EndProject
Project("{9A19103F-16F7-4668-BE54-9A1E7A4F7556}") = "Fsl-NopCommerce-Api-Connector.Model", "Fsl-NopCommerce-Api-Connector.Model\Fsl-NopCommerce-Api-Connector.Model.csproj", "{89930165-DF29-42B3-B148-1DE88B64925F}"
EndProject
Project("{9A19103F-16F7-4668-BE54-9A1E7A4F7556}") = "Fsl-NopCommerce-Api-Connector.HubSpot", "Fsl-NopCommerce-Api-Connector.HubSpot\Fsl-NopCommerce-Api-Connector.HubSpot.csproj", "{F1741A20-7132-4CD4-AD78-7B259D35C773}"
EndProject
Project("{FAE04EC0-301F-11D3-BF4B-00C04F79EFBC}") = "BigCommerceAPI.PCL", "BigCommerceAPI.PCL\BigCommerceAPI.PCL.csproj", "{D5B71BD9-4C31-474F-A9CB-AC3555C011B5}"
EndProject
Project("{9A19103F-16F7-4668-BE54-9A1E7A4F7556}") = "Fsl-BigCommerce-Api-Connector", "Fsl-BigCommerce-Connector\Fsl-BigCommerce-Api-Connector.csproj", "{88006CA4-26D7-408C-97BA-59B2BA172CFE}"
EndProject
Global
	GlobalSection(SolutionConfigurationPlatforms) = preSolution
		Debug|Any CPU = Debug|Any CPU
		Release|Any CPU = Release|Any CPU
	EndGlobalSection
	GlobalSection(ProjectConfigurationPlatforms) = postSolution
		{0F2BD838-3884-4DD8-AB8F-B7B449AA7164}.Debug|Any CPU.ActiveCfg = Debug|Any CPU
		{0F2BD838-3884-4DD8-AB8F-B7B449AA7164}.Debug|Any CPU.Build.0 = Debug|Any CPU
		{0F2BD838-3884-4DD8-AB8F-B7B449AA7164}.Release|Any CPU.ActiveCfg = Release|Any CPU
		{0F2BD838-3884-4DD8-AB8F-B7B449AA7164}.Release|Any CPU.Build.0 = Release|Any CPU
		{AAC30BD0-8563-4454-B1E5-7059C91F5F21}.Debug|Any CPU.ActiveCfg = Debug|Any CPU
		{AAC30BD0-8563-4454-B1E5-7059C91F5F21}.Debug|Any CPU.Build.0 = Debug|Any CPU
		{AAC30BD0-8563-4454-B1E5-7059C91F5F21}.Release|Any CPU.ActiveCfg = Release|Any CPU
		{AAC30BD0-8563-4454-B1E5-7059C91F5F21}.Release|Any CPU.Build.0 = Release|Any CPU
		{89930165-DF29-42B3-B148-1DE88B64925F}.Debug|Any CPU.ActiveCfg = Debug|Any CPU
		{89930165-DF29-42B3-B148-1DE88B64925F}.Debug|Any CPU.Build.0 = Debug|Any CPU
		{89930165-DF29-42B3-B148-1DE88B64925F}.Release|Any CPU.ActiveCfg = Release|Any CPU
		{89930165-DF29-42B3-B148-1DE88B64925F}.Release|Any CPU.Build.0 = Release|Any CPU
		{F1741A20-7132-4CD4-AD78-7B259D35C773}.Debug|Any CPU.ActiveCfg = Debug|Any CPU
		{F1741A20-7132-4CD4-AD78-7B259D35C773}.Debug|Any CPU.Build.0 = Debug|Any CPU
		{F1741A20-7132-4CD4-AD78-7B259D35C773}.Release|Any CPU.ActiveCfg = Release|Any CPU
		{F1741A20-7132-4CD4-AD78-7B259D35C773}.Release|Any CPU.Build.0 = Release|Any CPU
		{D5B71BD9-4C31-474F-A9CB-AC3555C011B5}.Debug|Any CPU.ActiveCfg = Debug|Any CPU
		{D5B71BD9-4C31-474F-A9CB-AC3555C011B5}.Debug|Any CPU.Build.0 = Debug|Any CPU
		{D5B71BD9-4C31-474F-A9CB-AC3555C011B5}.Release|Any CPU.ActiveCfg = Release|Any CPU
		{D5B71BD9-4C31-474F-A9CB-AC3555C011B5}.Release|Any CPU.Build.0 = Release|Any CPU
		{88006CA4-26D7-408C-97BA-59B2BA172CFE}.Debug|Any CPU.ActiveCfg = Debug|Any CPU
		{88006CA4-26D7-408C-97BA-59B2BA172CFE}.Debug|Any CPU.Build.0 = Debug|Any CPU
		{88006CA4-26D7-408C-97BA-59B2BA172CFE}.Release|Any CPU.ActiveCfg = Release|Any CPU
		{88006CA4-26D7-408C-97BA-59B2BA172CFE}.Release|Any CPU.Build.0 = Release|Any CPU
	EndGlobalSection
	GlobalSection(SolutionProperties) = preSolution
		HideSolutionNode = FALSE
	EndGlobalSection
	GlobalSection(ExtensibilityGlobals) = postSolution
		SolutionGuid = {F297749E-8729-4F1B-8457-213B374B16CA}
	EndGlobalSection
EndGlobal
